// !$*UTF8*$!
{
	archiveVersion = 1;
	classes = {
	};
	objectVersion = 46;
	objects = {

/* Begin PBXBuildFile section */
		915C28CD1ADD97D0008E8FA9 /* Pattern.swift in Sources */ = {isa = PBXBuildFile; fileRef = 91DE8F011ADD8D7B008423A5 /* Pattern.swift */; };
		915C28CE1ADD97D0008E8FA9 /* ab_Patterns.xcdatamodeld in Sources */ = {isa = PBXBuildFile; fileRef = 9173F2AF1ADD7D89003B74F2 /* ab_Patterns.xcdatamodeld */; };
		9173F2AE1ADD7D89003B74F2 /* AppDelegate.swift in Sources */ = {isa = PBXBuildFile; fileRef = 9173F2AD1ADD7D89003B74F2 /* AppDelegate.swift */; };
		9173F2B31ADD7D89003B74F2 /* ViewController.swift in Sources */ = {isa = PBXBuildFile; fileRef = 9173F2B21ADD7D89003B74F2 /* ViewController.swift */; };
		9173F2B61ADD7D89003B74F2 /* Main.storyboard in Resources */ = {isa = PBXBuildFile; fileRef = 9173F2B41ADD7D89003B74F2 /* Main.storyboard */; };
		9173F2B81ADD7D89003B74F2 /* Images.xcassets in Resources */ = {isa = PBXBuildFile; fileRef = 9173F2B71ADD7D89003B74F2 /* Images.xcassets */; };
		9173F2BB1ADD7D89003B74F2 /* LaunchScreen.xib in Resources */ = {isa = PBXBuildFile; fileRef = 9173F2B91ADD7D89003B74F2 /* LaunchScreen.xib */; };
		9173F2C71ADD7D8A003B74F2 /* ab_PatternsTests.swift in Sources */ = {isa = PBXBuildFile; fileRef = 9173F2C61ADD7D8A003B74F2 /* ab_PatternsTests.swift */; };
/* End PBXBuildFile section */

/* Begin PBXContainerItemProxy section */
		9173F2C11ADD7D8A003B74F2 /* PBXContainerItemProxy */ = {
			isa = PBXContainerItemProxy;
			containerPortal = 9173F2A01ADD7D89003B74F2 /* Project object */;
			proxyType = 1;
			remoteGlobalIDString = 9173F2A71ADD7D89003B74F2;
			remoteInfo = "ab-Patterns";
		};
/* End PBXContainerItemProxy section */

/* Begin PBXFileReference section */
		9173F2A81ADD7D89003B74F2 /* ab-Patterns.app */ = {isa = PBXFileReference; explicitFileType = wrapper.application; includeInIndex = 0; path = "ab-Patterns.app"; sourceTree = BUILT_PRODUCTS_DIR; };
		9173F2AC1ADD7D89003B74F2 /* Info.plist */ = {isa = PBXFileReference; lastKnownFileType = text.plist.xml; path = Info.plist; sourceTree = "<group>"; };
		9173F2AD1ADD7D89003B74F2 /* AppDelegate.swift */ = {isa = PBXFileReference; lastKnownFileType = sourcecode.swift; path = AppDelegate.swift; sourceTree = "<group>"; };
		9173F2B01ADD7D89003B74F2 /* ab_Patterns.xcdatamodel */ = {isa = PBXFileReference; lastKnownFileType = wrapper.xcdatamodel; path = ab_Patterns.xcdatamodel; sourceTree = "<group>"; };
		9173F2B21ADD7D89003B74F2 /* ViewController.swift */ = {isa = PBXFileReference; lastKnownFileType = sourcecode.swift; path = ViewController.swift; sourceTree = "<group>"; };
		9173F2B51ADD7D89003B74F2 /* Base */ = {isa = PBXFileReference; lastKnownFileType = file.storyboard; name = Base; path = Base.lproj/Main.storyboard; sourceTree = "<group>"; };
		9173F2B71ADD7D89003B74F2 /* Images.xcassets */ = {isa = PBXFileReference; lastKnownFileType = folder.assetcatalog; path = Images.xcassets; sourceTree = "<group>"; };
		9173F2BA1ADD7D89003B74F2 /* Base */ = {isa = PBXFileReference; lastKnownFileType = file.xib; name = Base; path = Base.lproj/LaunchScreen.xib; sourceTree = "<group>"; };
		9173F2C01ADD7D8A003B74F2 /* ab-PatternsTests.xctest */ = {isa = PBXFileReference; explicitFileType = wrapper.cfbundle; includeInIndex = 0; path = "ab-PatternsTests.xctest"; sourceTree = BUILT_PRODUCTS_DIR; };
		9173F2C51ADD7D8A003B74F2 /* Info.plist */ = {isa = PBXFileReference; lastKnownFileType = text.plist.xml; path = Info.plist; sourceTree = "<group>"; };
		9173F2C61ADD7D8A003B74F2 /* ab_PatternsTests.swift */ = {isa = PBXFileReference; lastKnownFileType = sourcecode.swift; path = ab_PatternsTests.swift; sourceTree = "<group>"; };
		91DE8F011ADD8D7B008423A5 /* Pattern.swift */ = {isa = PBXFileReference; fileEncoding = 4; lastKnownFileType = sourcecode.swift; path = Pattern.swift; sourceTree = "<group>"; };
/* End PBXFileReference section */

/* Begin PBXFrameworksBuildPhase section */
		9173F2A51ADD7D89003B74F2 /* Frameworks */ = {
			isa = PBXFrameworksBuildPhase;
			buildActionMask = 2147483647;
			files = (
			);
			runOnlyForDeploymentPostprocessing = 0;
		};
		9173F2BD1ADD7D8A003B74F2 /* Frameworks */ = {
			isa = PBXFrameworksBuildPhase;
			buildActionMask = 2147483647;
			files = (
			);
			runOnlyForDeploymentPostprocessing = 0;
		};
/* End PBXFrameworksBuildPhase section */

/* Begin PBXGroup section */
		9173F29F1ADD7D89003B74F2 = {
			isa = PBXGroup;
			children = (
				9173F2AA1ADD7D89003B74F2 /* ab-Patterns */,
				9173F2C31ADD7D8A003B74F2 /* ab-PatternsTests */,
				9173F2A91ADD7D89003B74F2 /* Products */,
			);
			sourceTree = "<group>";
		};
		9173F2A91ADD7D89003B74F2 /* Products */ = {
			isa = PBXGroup;
			children = (
				9173F2A81ADD7D89003B74F2 /* ab-Patterns.app */,
				9173F2C01ADD7D8A003B74F2 /* ab-PatternsTests.xctest */,
			);
			name = Products;
			sourceTree = "<group>";
		};
		9173F2AA1ADD7D89003B74F2 /* ab-Patterns */ = {
			isa = PBXGroup;
			children = (
				9173F2AD1ADD7D89003B74F2 /* AppDelegate.swift */,
				91DE8F011ADD8D7B008423A5 /* Pattern.swift */,
				9173F2B21ADD7D89003B74F2 /* ViewController.swift */,
				9173F2B41ADD7D89003B74F2 /* Main.storyboard */,
				9173F2B71ADD7D89003B74F2 /* Images.xcassets */,
				9173F2B91ADD7D89003B74F2 /* LaunchScreen.xib */,
				9173F2AF1ADD7D89003B74F2 /* ab_Patterns.xcdatamodeld */,
				9173F2AB1ADD7D89003B74F2 /* Supporting Files */,
			);
			path = "ab-Patterns";
			sourceTree = "<group>";
		};
		9173F2AB1ADD7D89003B74F2 /* Supporting Files */ = {
			isa = PBXGroup;
			children = (
				9173F2AC1ADD7D89003B74F2 /* Info.plist */,
			);
			name = "Supporting Files";
			sourceTree = "<group>";
		};
		9173F2C31ADD7D8A003B74F2 /* ab-PatternsTests */ = {
			isa = PBXGroup;
			children = (
				9173F2C61ADD7D8A003B74F2 /* ab_PatternsTests.swift */,
				9173F2C41ADD7D8A003B74F2 /* Supporting Files */,
			);
			path = "ab-PatternsTests";
			sourceTree = "<group>";
		};
		9173F2C41ADD7D8A003B74F2 /* Supporting Files */ = {
			isa = PBXGroup;
			children = (
				9173F2C51ADD7D8A003B74F2 /* Info.plist */,
			);
			name = "Supporting Files";
			sourceTree = "<group>";
		};
/* End PBXGroup section */

/* Begin PBXNativeTarget section */
		9173F2A71ADD7D89003B74F2 /* ab-Patterns */ = {
			isa = PBXNativeTarget;
			buildConfigurationList = 9173F2CA1ADD7D8A003B74F2 /* Build configuration list for PBXNativeTarget "ab-Patterns" */;
			buildPhases = (
				9173F2A41ADD7D89003B74F2 /* Sources */,
				9173F2A51ADD7D89003B74F2 /* Frameworks */,
				9173F2A61ADD7D89003B74F2 /* Resources */,
			);
			buildRules = (
			);
			dependencies = (
			);
			name = "ab-Patterns";
			productName = "ab-Patterns";
			productReference = 9173F2A81ADD7D89003B74F2 /* ab-Patterns.app */;
			productType = "com.apple.product-type.application";
		};
		9173F2BF1ADD7D8A003B74F2 /* ab-PatternsTests */ = {
			isa = PBXNativeTarget;
			buildConfigurationList = 9173F2CD1ADD7D8A003B74F2 /* Build configuration list for PBXNativeTarget "ab-PatternsTests" */;
			buildPhases = (
				9173F2BC1ADD7D8A003B74F2 /* Sources */,
				9173F2BD1ADD7D8A003B74F2 /* Frameworks */,
				9173F2BE1ADD7D8A003B74F2 /* Resources */,
			);
			buildRules = (
			);
			dependencies = (
				9173F2C21ADD7D8A003B74F2 /* PBXTargetDependency */,
			);
			name = "ab-PatternsTests";
			productName = "ab-PatternsTests";
			productReference = 9173F2C01ADD7D8A003B74F2 /* ab-PatternsTests.xctest */;
			productType = "com.apple.product-type.bundle.unit-test";
		};
/* End PBXNativeTarget section */

/* Begin PBXProject section */
		9173F2A01ADD7D89003B74F2 /* Project object */ = {
			isa = PBXProject;
			attributes = {
				LastUpgradeCheck = 0630;
				ORGANIZATIONNAME = "Aaron Bradley";
				TargetAttributes = {
					9173F2A71ADD7D89003B74F2 = {
						CreatedOnToolsVersion = 6.3;
					};
					9173F2BF1ADD7D8A003B74F2 = {
						CreatedOnToolsVersion = 6.3;
						TestTargetID = 9173F2A71ADD7D89003B74F2;
					};
				};
			};
			buildConfigurationList = 9173F2A31ADD7D89003B74F2 /* Build configuration list for PBXProject "ab-Patterns" */;
			compatibilityVersion = "Xcode 3.2";
			developmentRegion = English;
			hasScannedForEncodings = 0;
			knownRegions = (
				en,
				Base,
			);
			mainGroup = 9173F29F1ADD7D89003B74F2;
			productRefGroup = 9173F2A91ADD7D89003B74F2 /* Products */;
			projectDirPath = "";
			projectRoot = "";
			targets = (
				9173F2A71ADD7D89003B74F2 /* ab-Patterns */,
				9173F2BF1ADD7D8A003B74F2 /* ab-PatternsTests */,
			);
		};
/* End PBXProject section */

/* Begin PBXResourcesBuildPhase section */
		9173F2A61ADD7D89003B74F2 /* Resources */ = {
			isa = PBXResourcesBuildPhase;
			buildActionMask = 2147483647;
			files = (
				9173F2B61ADD7D89003B74F2 /* Main.storyboard in Resources */,
				9173F2BB1ADD7D89003B74F2 /* LaunchScreen.xib in Resources */,
				9173F2B81ADD7D89003B74F2 /* Images.xcassets in Resources */,
			);
			runOnlyForDeploymentPostprocessing = 0;
		};
		9173F2BE1ADD7D8A003B74F2 /* Resources */ = {
			isa = PBXResourcesBuildPhase;
			buildActionMask = 2147483647;
			files = (
			);
			runOnlyForDeploymentPostprocessing = 0;
		};
/* End PBXResourcesBuildPhase section */

/* Begin PBXSourcesBuildPhase section */
		9173F2A41ADD7D89003B74F2 /* Sources */ = {
			isa = PBXSourcesBuildPhase;
			buildActionMask = 2147483647;
			files = (
				915C28CD1ADD97D0008E8FA9 /* Pattern.swift in Sources */,
				915C28CE1ADD97D0008E8FA9 /* ab_Patterns.xcdatamodeld in Sources */,
				9173F2B31ADD7D89003B74F2 /* ViewController.swift in Sources */,
				9173F2AE1ADD7D89003B74F2 /* AppDelegate.swift in Sources */,
			);
			runOnlyForDeploymentPostprocessing = 0;
		};
		9173F2BC1ADD7D8A003B74F2 /* Sources */ = {
			isa = PBXSourcesBuildPhase;
			buildActionMask = 2147483647;
			files = (
				9173F2C71ADD7D8A003B74F2 /* ab_PatternsTests.swift in Sources */,
			);
			runOnlyForDeploymentPostprocessing = 0;
		};
/* End PBXSourcesBuildPhase section */

/* Begin PBXTargetDependency section */
		9173F2C21ADD7D8A003B74F2 /* PBXTargetDependency */ = {
			isa = PBXTargetDependency;
			target = 9173F2A71ADD7D89003B74F2 /* ab-Patterns */;
			targetProxy = 9173F2C11ADD7D8A003B74F2 /* PBXContainerItemProxy */;
		};
/* End PBXTargetDependency section */

/* Begin PBXVariantGroup section */
		9173F2B41ADD7D89003B74F2 /* Main.storyboard */ = {
			isa = PBXVariantGroup;
			children = (
				9173F2B51ADD7D89003B74F2 /* Base */,
			);
			name = Main.storyboard;
			sourceTree = "<group>";
		};
		9173F2B91ADD7D89003B74F2 /* LaunchScreen.xib */ = {
			isa = PBXVariantGroup;
			children = (
				9173F2BA1ADD7D89003B74F2 /* Base */,
			);
			name = LaunchScreen.xib;
			sourceTree = "<group>";
		};
/* End PBXVariantGroup section */

/* Begin XCBuildConfiguration section */
		9173F2C81ADD7D8A003B74F2 /* Debug */ = {
			isa = XCBuildConfiguration;
			buildSettings = {
				ALWAYS_SEARCH_USER_PATHS = NO;
				CLANG_CXX_LANGUAGE_STANDARD = "gnu++0x";
				CLANG_CXX_LIBRARY = "libc++";
				CLANG_ENABLE_MODULES = YES;
				CLANG_ENABLE_OBJC_ARC = YES;
				CLANG_WARN_BOOL_CONVERSION = YES;
				CLANG_WARN_CONSTANT_CONVERSION = YES;
				CLANG_WARN_DIRECT_OBJC_ISA_USAGE = YES_ERROR;
				CLANG_WARN_EMPTY_BODY = YES;
				CLANG_WARN_ENUM_CONVERSION = YES;
				CLANG_WARN_INT_CONVERSION = YES;
				CLANG_WARN_OBJC_ROOT_CLASS = YES_ERROR;
				CLANG_WARN_UNREACHABLE_CODE = YES;
				CLANG_WARN__DUPLICATE_METHOD_MATCH = YES;
				"CODE_SIGN_IDENTITY[sdk=iphoneos*]" = "iPhone Developer";
				COPY_PHASE_STRIP = NO;
				DEBUG_INFORMATION_FORMAT = "dwarf-with-dsym";
				ENABLE_STRICT_OBJC_MSGSEND = YES;
				GCC_C_LANGUAGE_STANDARD = gnu99;
				GCC_DYNAMIC_NO_PIC = NO;
				GCC_NO_COMMON_BLOCKS = YES;
				GCC_OPTIMIZATION_LEVEL = 0;
				GCC_PREPROCESSOR_DEFINITIONS = (
					"DEBUG=1",
					"$(inherited)",
				);
				GCC_SYMBOLS_PRIVATE_EXTERN = NO;
				GCC_WARN_64_TO_32_BIT_CONVERSION = YES;
				GCC_WARN_ABOUT_RETURN_TYPE = YES_ERROR;
				GCC_WARN_UNDECLARED_SELECTOR = YES;
				GCC_WARN_UNINITIALIZED_AUTOS = YES_AGGRESSIVE;
				GCC_WARN_UNUSED_FUNCTION = YES;
				GCC_WARN_UNUSED_VARIABLE = YES;
				IPHONEOS_DEPLOYMENT_TARGET = 8.3;
				MTL_ENABLE_DEBUG_INFO = YES;
				ONLY_ACTIVE_ARCH = YES;
				SDKROOT = iphoneos;
				SWIFT_OPTIMIZATION_LEVEL = "-Onone";
			};
			name = Debug;
		};
		9173F2C91ADD7D8A003B74F2 /* Release */ = {
			isa = XCBuildConfiguration;
			buildSettings = {
				ALWAYS_SEARCH_USER_PATHS = NO;
				CLANG_CXX_LANGUAGE_STANDARD = "gnu++0x";
				CLANG_CXX_LIBRARY = "libc++";
				CLANG_ENABLE_MODULES = YES;
				CLANG_ENABLE_OBJC_ARC = YES;
				CLANG_WARN_BOOL_CONVERSION = YES;
				CLANG_WARN_CONSTANT_CONVERSION = YES;
				CLANG_WARN_DIRECT_OBJC_ISA_USAGE = YES_ERROR;
				CLANG_WARN_EMPTY_BODY = YES;
				CLANG_WARN_ENUM_CONVERSION = YES;
				CLANG_WARN_INT_CONVERSION = YES;
				CLANG_WARN_OBJC_ROOT_CLASS = YES_ERROR;
				CLANG_WARN_UNREACHABLE_CODE = YES;
				CLANG_WARN__DUPLICATE_METHOD_MATCH = YES;
				"CODE_SIGN_IDENTITY[sdk=iphoneos*]" = "iPhone Developer";
				COPY_PHASE_STRIP = NO;
				DEBUG_INFORMATION_FORMAT = "dwarf-with-dsym";
				ENABLE_NS_ASSERTIONS = NO;
				ENABLE_STRICT_OBJC_MSGSEND = YES;
				GCC_C_LANGUAGE_STANDARD = gnu99;
				GCC_NO_COMMON_BLOCKS = YES;
				GCC_WARN_64_TO_32_BIT_CONVERSION = YES;
				GCC_WARN_ABOUT_RETURN_TYPE = YES_ERROR;
				GCC_WARN_UNDECLARED_SELECTOR = YES;
				GCC_WARN_UNINITIALIZED_AUTOS = YES_AGGRESSIVE;
				GCC_WARN_UNUSED_FUNCTION = YES;
				GCC_WARN_UNUSED_VARIABLE = YES;
				IPHONEOS_DEPLOYMENT_TARGET = 8.3;
				MTL_ENABLE_DEBUG_INFO = NO;
				SDKROOT = iphoneos;
				VALIDATE_PRODUCT = YES;
			};
			name = Release;
		};
		9173F2CB1ADD7D8A003B74F2 /* Debug */ = {
			isa = XCBuildConfiguration;
			buildSettings = {
				ASSETCATALOG_COMPILER_APPICON_NAME = AppIcon;
				INFOPLIST_FILE = "ab-Patterns/Info.plist";
				LD_RUNPATH_SEARCH_PATHS = "$(inherited) @executable_path/Frameworks";
				PRODUCT_NAME = "$(TARGET_NAME)";
			};
			name = Debug;
		};
		9173F2CC1ADD7D8A003B74F2 /* Release */ = {
			isa = XCBuildConfiguration;
			buildSettings = {
				ASSETCATALOG_COMPILER_APPICON_NAME = AppIcon;
				INFOPLIST_FILE = "ab-Patterns/Info.plist";
				LD_RUNPATH_SEARCH_PATHS = "$(inherited) @executable_path/Frameworks";
				PRODUCT_NAME = "$(TARGET_NAME)";
			};
			name = Release;
		};
		9173F2CE1ADD7D8A003B74F2 /* Debug */ = {
			isa = XCBuildConfiguration;
			buildSettings = {
				BUNDLE_LOADER = "$(TEST_HOST)";
				FRAMEWORK_SEARCH_PATHS = (
					"$(SDKROOT)/Developer/Library/Frameworks",
					"$(inherited)",
				);
				GCC_PREPROCESSOR_DEFINITIONS = (
					"DEBUG=1",
					"$(inherited)",
				);
				INFOPLIST_FILE = "ab-PatternsTests/Info.plist";
				LD_RUNPATH_SEARCH_PATHS = "$(inherited) @executable_path/Frameworks @loader_path/Frameworks";
				PRODUCT_NAME = "$(TARGET_NAME)";
				TEST_HOST = "$(BUILT_PRODUCTS_DIR)/ab-Patterns.app/ab-Patterns";
			};
			name = Debug;
		};
		9173F2CF1ADD7D8A003B74F2 /* Release */ = {
			isa = XCBuildConfiguration;
			buildSettings = {
				BUNDLE_LOADER = "$(TEST_HOST)";
				FRAMEWORK_SEARCH_PATHS = (
					"$(SDKROOT)/Developer/Library/Frameworks",
					"$(inherited)",
				);
				INFOPLIST_FILE = "ab-PatternsTests/Info.plist";
				LD_RUNPATH_SEARCH_PATHS = "$(inherited) @executable_path/Frameworks @loader_path/Frameworks";
				PRODUCT_NAME = "$(TARGET_NAME)";
				TEST_HOST = "$(BUILT_PRODUCTS_DIR)/ab-Patterns.app/ab-Patterns";
			};
			name = Release;
		};
/* End XCBuildConfiguration section */

/* Begin XCConfigurationList section */
		9173F2A31ADD7D89003B74F2 /* Build configuration list for PBXProject "ab-Patterns" */ = {
			isa = XCConfigurationList;
			buildConfigurations = (
				9173F2C81ADD7D8A003B74F2 /* Debug */,
				9173F2C91ADD7D8A003B74F2 /* Release */,
			);
			defaultConfigurationIsVisible = 0;
			defaultConfigurationName = Release;
		};
		9173F2CA1ADD7D8A003B74F2 /* Build configuration list for PBXNativeTarget "ab-Patterns" */ = {
			isa = XCConfigurationList;
			buildConfigurations = (
				9173F2CB1ADD7D8A003B74F2 /* Debug */,
				9173F2CC1ADD7D8A003B74F2 /* Release */,
			);
			defaultConfigurationIsVisible = 0;
			defaultConfigurationName = Release;
		};
		9173F2CD1ADD7D8A003B74F2 /* Build configuration list for PBXNativeTarget "ab-PatternsTests" */ = {
			isa = XCConfigurationList;
			buildConfigurations = (
				9173F2CE1ADD7D8A003B74F2 /* Debug */,
				9173F2CF1ADD7D8A003B74F2 /* Release */,
			);
			defaultConfigurationIsVisible = 0;
			defaultConfigurationName = Release;
		};
/* End XCConfigurationList section */

/* Begin XCVersionGroup section */
		9173F2AF1ADD7D89003B74F2 /* ab_Patterns.xcdatamodeld */ = {
			isa = XCVersionGroup;
			children = (
				9173F2B01ADD7D89003B74F2 /* ab_Patterns.xcdatamodel */,
			);
			currentVersion = 9173F2B01ADD7D89003B74F2 /* ab_Patterns.xcdatamodel */;
			path = ab_Patterns.xcdatamodeld;
			sourceTree = "<group>";
			versionGroupType = wrapper.xcdatamodel;
		};
/* End XCVersionGroup section */
	};
	rootObject = 9173F2A01ADD7D89003B74F2 /* Project object */;
}
